
Microsoft Visual Studio Solution File, Format Version 12.00
# Visual Studio 15
VisualStudioVersion = 15.0.27130.2036
MinimumVisualStudioVersion = 10.0.40219.1
Project("{FAE04EC0-301F-11D3-BF4B-00C04F79EFBC}") = "Carrera2", "Carrera2\Carrera2.csproj", "{C99E7563-406D-4656-B901-4C8E33C392CE}"
EndProject
Global
	GlobalSection(SolutionConfigurationPlatforms) = preSolution
		Debug|Any CPU = Debug|Any CPU
		Release|Any CPU = Release|Any CPU
	EndGlobalSection
	GlobalSection(ProjectConfigurationPlatforms) = postSolution
		{C99E7563-406D-4656-B901-4C8E33C392CE}.Debug|Any CPU.ActiveCfg = Debug|Any CPU
		{C99E7563-406D-4656-B901-4C8E33C392CE}.Debug|Any CPU.Build.0 = Debug|Any CPU
		{C99E7563-406D-4656-B901-4C8E33C392CE}.Release|Any CPU.ActiveCfg = Release|Any CPU
		{C99E7563-406D-4656-B901-4C8E33C392CE}.Release|Any CPU.Build.0 = Release|Any CPU
	EndGlobalSection
	GlobalSection(SolutionProperties) = preSolution
		HideSolutionNode = FALSE
	EndGlobalSection
	GlobalSection(ExtensibilityGlobals) = postSolution
		SolutionGuid = {01490F36-321E-4CD7-AC9C-0A4C7CB38DD1}
	EndGlobalSection
EndGlobal
